{
	"name": "@mpxjs/api-proxy",
	"version": "2.6.60",
	"lockfileVersion": 1,
	"requires": true,
	"dependencies": {
		"axios": {
			"version": "0.21.1",
			"resolved": "http://artifactory.intra.xiaojukeji.com:80/artifactory/api/npm/npm/axios/-/axios-0.21.1.tgz?dl=https%3A%2F%2Frepo.huaweicloud.com%2Frepository%2Fnpm%2Faxios%2F-%2Faxios-0.21.1.tgz",
			"integrity": "sha1-IlY0gZYvTWvemnbVFu8OXTwJsrg=",
			"requires": {
				"follow-redirects": "^1.10.0"
			}
		},
		"follow-redirects": {
			"version": "1.14.0",
			"resolved": "http://artifactory.intra.xiaojukeji.com:80/artifactory/api/npm/npm/follow-redirects/-/follow-redirects-1.14.0.tgz?dl=https%3A%2F%2Frepo.huaweicloud.com%2Frepository%2Fnpm%2Ffollow-redirects%2F-%2Ffollow-redirects-1.14.0.tgz",
			"integrity": "sha1-9dJg+VxfjBBYlEkf7uXciZO0Av4="
		}
	}
}
