{
	"name": "@mpxjs/core",
	"version": "2.6.50",
	"lockfileVersion": 1,
	"requires": true,
	"dependencies": {
		"lodash": {
			"version": "4.17.20",
			"resolved": "http://artifactory.intra.xiaojukeji.com:80/artifactory/api/npm/npm/lodash/download/lodash-4.17.20.tgz",
			"integrity": "sha1-tEqbYpe8tpjxxRo1RaKzs2jVnFI="
		},
		"miniprogram-api-typings": {
			"version": "3.2.0",
			"resolved": "http://artifactory.intra.xiaojukeji.com:80/artifactory/api/npm/npm/miniprogram-api-typings/download/miniprogram-api-typings-3.2.0.tgz",
			"integrity": "sha1-W6EiU5MWfiQgOeQTHDQ7WmiK6oA="
		}
	}
}
