{
  "name": "@mpxjs/core",
  "version": "2.5.28",
  "lockfileVersion": 1,
  "requires": true,
  "dependencies": {
    "miniprogram-api-typings": {
      "version": "2.10.4",
      "resolved": "http://r.cnpmjs.org/miniprogram-api-typings/download/miniprogram-api-typings-2.10.4.tgz",
      "integrity": "sha1-ExZdHncITD7Hnsk9jHSXT3dCXrA="
    }
  }
}
