{
  "name": "@mpxjs/core",
  "version": "2.6.22",
  "lockfileVersion": 1,
  "requires": true,
  "dependencies": {
    "lodash.throttle": {
      "version": "4.1.1",
      "resolved": "http://artifactory.intra.xiaojukeji.com:80/artifactory/api/npm/npm/lodash.throttle/download/lodash.throttle-4.1.1.tgz",
      "integrity": "sha1-wj6RtxAkKscMN/HhzaknTMOb8vQ="
    }
  }
}
